
Microsoft Visual Studio Solution File, Format Version 12.00
# Visual Studio Version 16
VisualStudioVersion = 16.0.29230.47
MinimumVisualStudioVersion = 10.0.40219.1
Project("{9A19103F-16F7-4668-BE54-9A1E7A4F7556}") = "Cake.GitFlow", "Cake.GitFlow\Cake.GitFlow.csproj", "{3DB6181E-5886-43AB-916C-B6B602D6493A}"
EndProject
Project("{FAE04EC0-301F-11D3-BF4B-00C04F79EFBC}") = "Cake.GitFlow.Test", "Cake.GitFlow.Test\Cake.GitFlow.Test.csproj", "{32F35ADB-9F8A-4A6A-B91E-CA51A173D38E}"
EndProject
Global
	GlobalSection(SolutionConfigurationPlatforms) = preSolution
		Debug|Any CPU = Debug|Any CPU
		Release|Any CPU = Release|Any CPU
	EndGlobalSection
	GlobalSection(ProjectConfigurationPlatforms) = postSolution
		{3DB6181E-5886-43AB-916C-B6B602D6493A}.Debug|Any CPU.ActiveCfg = Debug|Any CPU
		{3DB6181E-5886-43AB-916C-B6B602D6493A}.Debug|Any CPU.Build.0 = Debug|Any CPU
		{3DB6181E-5886-43AB-916C-B6B602D6493A}.Release|Any CPU.ActiveCfg = Release|Any CPU
		{3DB6181E-5886-43AB-916C-B6B602D6493A}.Release|Any CPU.Build.0 = Release|Any CPU
		{32F35ADB-9F8A-4A6A-B91E-CA51A173D38E}.Debug|Any CPU.ActiveCfg = Debug|Any CPU
		{32F35ADB-9F8A-4A6A-B91E-CA51A173D38E}.Debug|Any CPU.Build.0 = Debug|Any CPU
		{32F35ADB-9F8A-4A6A-B91E-CA51A173D38E}.Release|Any CPU.ActiveCfg = Release|Any CPU
		{32F35ADB-9F8A-4A6A-B91E-CA51A173D38E}.Release|Any CPU.Build.0 = Release|Any CPU
	EndGlobalSection
	GlobalSection(SolutionProperties) = preSolution
		HideSolutionNode = FALSE
	EndGlobalSection
	GlobalSection(ExtensibilityGlobals) = postSolution
		SolutionGuid = {21D17EF6-6FCA-4920-B605-77E10DC9085C}
	EndGlobalSection
EndGlobal
